
Microsoft Visual Studio Solution File, Format Version 12.00
# Visual Studio 15
VisualStudioVersion = 15.0.27428.2015
MinimumVisualStudioVersion = 10.0.40219.1
Project("{FAE04EC0-301F-11D3-BF4B-00C04F79EFBC}") = "WpfApp1", "WpfApp1\WpfApp1.csproj", "{1079BFEC-03B3-45B7-AE58-20C5DD29E2FB}"
EndProject
Global
	GlobalSection(SolutionConfigurationPlatforms) = preSolution
		Debug|Any CPU = Debug|Any CPU
		Release|Any CPU = Release|Any CPU
	EndGlobalSection
	GlobalSection(ProjectConfigurationPlatforms) = postSolution
		{1079BFEC-03B3-45B7-AE58-20C5DD29E2FB}.Debug|Any CPU.ActiveCfg = Debug|Any CPU
		{1079BFEC-03B3-45B7-AE58-20C5DD29E2FB}.Debug|Any CPU.Build.0 = Debug|Any CPU
		{1079BFEC-03B3-45B7-AE58-20C5DD29E2FB}.Release|Any CPU.ActiveCfg = Release|Any CPU
		{1079BFEC-03B3-45B7-AE58-20C5DD29E2FB}.Release|Any CPU.Build.0 = Release|Any CPU
	EndGlobalSection
	GlobalSection(SolutionProperties) = preSolution
		HideSolutionNode = FALSE
	EndGlobalSection
	GlobalSection(ExtensibilityGlobals) = postSolution
		SolutionGuid = {7DF38BCD-2E8A-4977-B9F2-BBDE07814C22}
	EndGlobalSection
EndGlobal
